{
  "name": "youth-exchange-bot",
  "version": "1.0.0",
  "lockfileVersion": 1,
  "requires": true,
  "dependencies": {
    "@eslint/js": {
      "version": "9.28.0",
      "dev": true
    },
    "@types/better-sqlite3": {
      "version": "7.6.13",
      "dev": true
    },
    "@types/node": {
      "version": "22.15.29",
      "dev": true
    },
    "better-sqlite3": {
      "version": "11.10.0"
    },
    "discord.js": {
      "version": "14.19.3"
    },
    "dotenv": {
      "version": "16.5.0"
    },
    "eslint": {
      "version": "9.28.0",
      "dev": true
    },
    "prettier": {
      "version": "3.5.3",
      "dev": true
    },
    "tsx": {
      "version": "4.19.4",
      "dev": true
    },
    "typescript": {
      "version": "5.8.3",
      "dev": true
    },
    "typescript-eslint": {
      "version": "8.33.1",
      "dev": true
    },
    "vitest": {
      "version": "3.2.1",
      "dev": true
    }
  }
}
